
Microsoft Visual Studio Solution File, Format Version 12.00
# Visual Studio Version 17
VisualStudioVersion = 17.4.33110.190
MinimumVisualStudioVersion = 10.0.40219.1
Project("{FAE04EC0-301F-11D3-BF4B-00C04F79EFBC}") = "Objetos", "Objetos.csproj", "{4899D6E7-4C9D-4367-8A97-73873FE63F2B}"
EndProject
Global
	GlobalSection(SolutionConfigurationPlatforms) = preSolution
		Debug|Any CPU = Debug|Any CPU
		Release|Any CPU = Release|Any CPU
	EndGlobalSection
	GlobalSection(ProjectConfigurationPlatforms) = postSolution
		{4899D6E7-4C9D-4367-8A97-73873FE63F2B}.Debug|Any CPU.ActiveCfg = Debug|Any CPU
		{4899D6E7-4C9D-4367-8A97-73873FE63F2B}.Debug|Any CPU.Build.0 = Debug|Any CPU
		{4899D6E7-4C9D-4367-8A97-73873FE63F2B}.Release|Any CPU.ActiveCfg = Release|Any CPU
		{4899D6E7-4C9D-4367-8A97-73873FE63F2B}.Release|Any CPU.Build.0 = Release|Any CPU
	EndGlobalSection
	GlobalSection(SolutionProperties) = preSolution
		HideSolutionNode = FALSE
	EndGlobalSection
	GlobalSection(ExtensibilityGlobals) = postSolution
		SolutionGuid = {8D4835FD-BC80-4971-B939-2E009ED904EF}
	EndGlobalSection
EndGlobal
